
Microsoft Visual Studio Solution File, Format Version 12.00
# Visual Studio 2012
Project("{FAE04EC0-301F-11D3-BF4B-00C04F79EFBC}") = "Triangulation", "Triangulation\Triangulation.csproj", "{7EAC14EF-9095-4BFA-A557-DDE222836BAE}"
EndProject
Project("{FAE04EC0-301F-11D3-BF4B-00C04F79EFBC}") = "PerlinNoiseGeneration", "PerlinNoiseGenerator\PerlinNoiseGeneration.csproj", "{5CA54CD5-E89B-4A9F-8C61-3F3E7F162715}"
EndProject
Project("{FAE04EC0-301F-11D3-BF4B-00C04F79EFBC}") = "NoiseGeneratorTestApp", "NoiseGeneratorTestApp\NoiseGeneratorTestApp.csproj", "{C9A9D5F0-9FED-4979-AA74-23A805A45DAF}"
EndProject
Project("{FAE04EC0-301F-11D3-BF4B-00C04F79EFBC}") = "MapCreatorUI", "MapCreatorUI\MapCreatorUI.csproj", "{5252EAB8-DF14-4ED0-BB9B-E9745EC69DAD}"
EndProject
Project("{FAE04EC0-301F-11D3-BF4B-00C04F79EFBC}") = "MapCreator.Utils", "MapGenerator.Utils\MapCreator.Utils.csproj", "{FD60C489-C082-4ADB-920E-648804357EA5}"
EndProject
Project("{FAE04EC0-301F-11D3-BF4B-00C04F79EFBC}") = "IncrementalDelaunayTriangulation", "IncrementalDelaunayTriangulation\IncrementalDelaunayTriangulation.csproj", "{1C22EE00-9968-49B4-B59F-3ACAC50EB80A}"
EndProject
Project("{FAE04EC0-301F-11D3-BF4B-00C04F79EFBC}") = "GeneralAlgorithms", "GeneralAlgorithms\GeneralAlgorithms.csproj", "{3A9A126D-2750-43B8-A66E-B56CD4B3415E}"
EndProject
Global
	GlobalSection(SolutionConfigurationPlatforms) = preSolution
		Debug|Any CPU = Debug|Any CPU
		Debug|Mixed Platforms = Debug|Mixed Platforms
		Debug|x86 = Debug|x86
		Release|Any CPU = Release|Any CPU
		Release|Mixed Platforms = Release|Mixed Platforms
		Release|x86 = Release|x86
	EndGlobalSection
	GlobalSection(ProjectConfigurationPlatforms) = postSolution
		{7EAC14EF-9095-4BFA-A557-DDE222836BAE}.Debug|Any CPU.ActiveCfg = Debug|Any CPU
		{7EAC14EF-9095-4BFA-A557-DDE222836BAE}.Debug|Any CPU.Build.0 = Debug|Any CPU
		{7EAC14EF-9095-4BFA-A557-DDE222836BAE}.Debug|Mixed Platforms.ActiveCfg = Debug|Any CPU
		{7EAC14EF-9095-4BFA-A557-DDE222836BAE}.Debug|Mixed Platforms.Build.0 = Debug|Any CPU
		{7EAC14EF-9095-4BFA-A557-DDE222836BAE}.Debug|x86.ActiveCfg = Debug|x86
		{7EAC14EF-9095-4BFA-A557-DDE222836BAE}.Debug|x86.Build.0 = Debug|x86
		{7EAC14EF-9095-4BFA-A557-DDE222836BAE}.Release|Any CPU.ActiveCfg = Release|Any CPU
		{7EAC14EF-9095-4BFA-A557-DDE222836BAE}.Release|Any CPU.Build.0 = Release|Any CPU
		{7EAC14EF-9095-4BFA-A557-DDE222836BAE}.Release|Mixed Platforms.ActiveCfg = Release|x86
		{7EAC14EF-9095-4BFA-A557-DDE222836BAE}.Release|Mixed Platforms.Build.0 = Release|x86
		{7EAC14EF-9095-4BFA-A557-DDE222836BAE}.Release|x86.ActiveCfg = Release|x86
		{7EAC14EF-9095-4BFA-A557-DDE222836BAE}.Release|x86.Build.0 = Release|x86
		{5CA54CD5-E89B-4A9F-8C61-3F3E7F162715}.Debug|Any CPU.ActiveCfg = Debug|Any CPU
		{5CA54CD5-E89B-4A9F-8C61-3F3E7F162715}.Debug|Any CPU.Build.0 = Debug|Any CPU
		{5CA54CD5-E89B-4A9F-8C61-3F3E7F162715}.Debug|Mixed Platforms.ActiveCfg = Debug|Any CPU
		{5CA54CD5-E89B-4A9F-8C61-3F3E7F162715}.Debug|Mixed Platforms.Build.0 = Debug|Any CPU
		{5CA54CD5-E89B-4A9F-8C61-3F3E7F162715}.Debug|x86.ActiveCfg = Debug|Any CPU
		{5CA54CD5-E89B-4A9F-8C61-3F3E7F162715}.Release|Any CPU.ActiveCfg = Release|Any CPU
		{5CA54CD5-E89B-4A9F-8C61-3F3E7F162715}.Release|Any CPU.Build.0 = Release|Any CPU
		{5CA54CD5-E89B-4A9F-8C61-3F3E7F162715}.Release|Mixed Platforms.ActiveCfg = Release|Any CPU
		{5CA54CD5-E89B-4A9F-8C61-3F3E7F162715}.Release|Mixed Platforms.Build.0 = Release|Any CPU
		{5CA54CD5-E89B-4A9F-8C61-3F3E7F162715}.Release|x86.ActiveCfg = Release|Any CPU
		{C9A9D5F0-9FED-4979-AA74-23A805A45DAF}.Debug|Any CPU.ActiveCfg = Debug|Any CPU
		{C9A9D5F0-9FED-4979-AA74-23A805A45DAF}.Debug|Any CPU.Build.0 = Debug|Any CPU
		{C9A9D5F0-9FED-4979-AA74-23A805A45DAF}.Debug|Mixed Platforms.ActiveCfg = Debug|Any CPU
		{C9A9D5F0-9FED-4979-AA74-23A805A45DAF}.Debug|Mixed Platforms.Build.0 = Debug|Any CPU
		{C9A9D5F0-9FED-4979-AA74-23A805A45DAF}.Debug|x86.ActiveCfg = Debug|x86
		{C9A9D5F0-9FED-4979-AA74-23A805A45DAF}.Debug|x86.Build.0 = Debug|x86
		{C9A9D5F0-9FED-4979-AA74-23A805A45DAF}.Release|Any CPU.ActiveCfg = Release|Any CPU
		{C9A9D5F0-9FED-4979-AA74-23A805A45DAF}.Release|Any CPU.Build.0 = Release|Any CPU
		{C9A9D5F0-9FED-4979-AA74-23A805A45DAF}.Release|Mixed Platforms.ActiveCfg = Release|x86
		{C9A9D5F0-9FED-4979-AA74-23A805A45DAF}.Release|Mixed Platforms.Build.0 = Release|x86
		{C9A9D5F0-9FED-4979-AA74-23A805A45DAF}.Release|x86.ActiveCfg = Release|x86
		{C9A9D5F0-9FED-4979-AA74-23A805A45DAF}.Release|x86.Build.0 = Release|x86
		{5252EAB8-DF14-4ED0-BB9B-E9745EC69DAD}.Debug|Any CPU.ActiveCfg = Debug|Any CPU
		{5252EAB8-DF14-4ED0-BB9B-E9745EC69DAD}.Debug|Any CPU.Build.0 = Debug|Any CPU
		{5252EAB8-DF14-4ED0-BB9B-E9745EC69DAD}.Debug|Mixed Platforms.ActiveCfg = Debug|Any CPU
		{5252EAB8-DF14-4ED0-BB9B-E9745EC69DAD}.Debug|Mixed Platforms.Build.0 = Debug|Any CPU
		{5252EAB8-DF14-4ED0-BB9B-E9745EC69DAD}.Debug|x86.ActiveCfg = Debug|Any CPU
		{5252EAB8-DF14-4ED0-BB9B-E9745EC69DAD}.Release|Any CPU.ActiveCfg = Release|Any CPU
		{5252EAB8-DF14-4ED0-BB9B-E9745EC69DAD}.Release|Any CPU.Build.0 = Release|Any CPU
		{5252EAB8-DF14-4ED0-BB9B-E9745EC69DAD}.Release|Mixed Platforms.ActiveCfg = Release|Any CPU
		{5252EAB8-DF14-4ED0-BB9B-E9745EC69DAD}.Release|Mixed Platforms.Build.0 = Release|Any CPU
		{5252EAB8-DF14-4ED0-BB9B-E9745EC69DAD}.Release|x86.ActiveCfg = Release|Any CPU
		{FD60C489-C082-4ADB-920E-648804357EA5}.Debug|Any CPU.ActiveCfg = Debug|Any CPU
		{FD60C489-C082-4ADB-920E-648804357EA5}.Debug|Any CPU.Build.0 = Debug|Any CPU
		{FD60C489-C082-4ADB-920E-648804357EA5}.Debug|Mixed Platforms.ActiveCfg = Debug|Any CPU
		{FD60C489-C082-4ADB-920E-648804357EA5}.Debug|Mixed Platforms.Build.0 = Debug|Any CPU
		{FD60C489-C082-4ADB-920E-648804357EA5}.Debug|x86.ActiveCfg = Debug|Any CPU
		{FD60C489-C082-4ADB-920E-648804357EA5}.Release|Any CPU.ActiveCfg = Release|Any CPU
		{FD60C489-C082-4ADB-920E-648804357EA5}.Release|Any CPU.Build.0 = Release|Any CPU
		{FD60C489-C082-4ADB-920E-648804357EA5}.Release|Mixed Platforms.ActiveCfg = Release|Any CPU
		{FD60C489-C082-4ADB-920E-648804357EA5}.Release|Mixed Platforms.Build.0 = Release|Any CPU
		{FD60C489-C082-4ADB-920E-648804357EA5}.Release|x86.ActiveCfg = Release|Any CPU
		{1C22EE00-9968-49B4-B59F-3ACAC50EB80A}.Debug|Any CPU.ActiveCfg = Debug|Any CPU
		{1C22EE00-9968-49B4-B59F-3ACAC50EB80A}.Debug|Any CPU.Build.0 = Debug|Any CPU
		{1C22EE00-9968-49B4-B59F-3ACAC50EB80A}.Debug|Mixed Platforms.ActiveCfg = Debug|Any CPU
		{1C22EE00-9968-49B4-B59F-3ACAC50EB80A}.Debug|Mixed Platforms.Build.0 = Debug|Any CPU
		{1C22EE00-9968-49B4-B59F-3ACAC50EB80A}.Debug|x86.ActiveCfg = Debug|Any CPU
		{1C22EE00-9968-49B4-B59F-3ACAC50EB80A}.Release|Any CPU.ActiveCfg = Release|Any CPU
		{1C22EE00-9968-49B4-B59F-3ACAC50EB80A}.Release|Any CPU.Build.0 = Release|Any CPU
		{1C22EE00-9968-49B4-B59F-3ACAC50EB80A}.Release|Mixed Platforms.ActiveCfg = Release|Any CPU
		{1C22EE00-9968-49B4-B59F-3ACAC50EB80A}.Release|Mixed Platforms.Build.0 = Release|Any CPU
		{1C22EE00-9968-49B4-B59F-3ACAC50EB80A}.Release|x86.ActiveCfg = Release|Any CPU
		{3A9A126D-2750-43B8-A66E-B56CD4B3415E}.Debug|Any CPU.ActiveCfg = Debug|Any CPU
		{3A9A126D-2750-43B8-A66E-B56CD4B3415E}.Debug|Any CPU.Build.0 = Debug|Any CPU
		{3A9A126D-2750-43B8-A66E-B56CD4B3415E}.Debug|Mixed Platforms.ActiveCfg = Debug|Any CPU
		{3A9A126D-2750-43B8-A66E-B56CD4B3415E}.Debug|Mixed Platforms.Build.0 = Debug|Any CPU
		{3A9A126D-2750-43B8-A66E-B56CD4B3415E}.Debug|x86.ActiveCfg = Debug|Any CPU
		{3A9A126D-2750-43B8-A66E-B56CD4B3415E}.Release|Any CPU.ActiveCfg = Release|Any CPU
		{3A9A126D-2750-43B8-A66E-B56CD4B3415E}.Release|Any CPU.Build.0 = Release|Any CPU
		{3A9A126D-2750-43B8-A66E-B56CD4B3415E}.Release|Mixed Platforms.ActiveCfg = Release|Any CPU
		{3A9A126D-2750-43B8-A66E-B56CD4B3415E}.Release|Mixed Platforms.Build.0 = Release|Any CPU
		{3A9A126D-2750-43B8-A66E-B56CD4B3415E}.Release|x86.ActiveCfg = Release|Any CPU
	EndGlobalSection
	GlobalSection(SolutionProperties) = preSolution
		HideSolutionNode = FALSE
	EndGlobalSection
EndGlobal
